// !$*UTF8*$!
{
	archiveVersion = 1;
	classes = {
	};
	objectVersion = 52;
	objects = {

/* Begin PBXBuildFile section */
		4B60C07525CBF503207CB56A /* Pods_Todoey_iOS13.framework in Frameworks */ = {isa = PBXBuildFile; fileRef = 989F3767BBADDECC38006F2E /* Pods_Todoey_iOS13.framework */; };
		4DB33B2426FCD1B30087D53A /* SwipeTableViewController.swift in Sources */ = {isa = PBXBuildFile; fileRef = 4DB33B2326FCD1B30087D53A /* SwipeTableViewController.swift */; };
		4DBF2BC226FBF8D30052D00A /* Item.swift in Sources */ = {isa = PBXBuildFile; fileRef = 4DBF2BC126FBF8D30052D00A /* Item.swift */; };
		4DBF2BC426FBF8EE0052D00A /* Category.swift in Sources */ = {isa = PBXBuildFile; fileRef = 4DBF2BC326FBF8EE0052D00A /* Category.swift */; };
		4DBF2BC826FBFA2C0052D00A /* Realm in Frameworks */ = {isa = PBXBuildFile; productRef = 4DBF2BC726FBFA2C0052D00A /* Realm */; };
		4DBF2BCA26FBFA2C0052D00A /* RealmSwift in Frameworks */ = {isa = PBXBuildFile; productRef = 4DBF2BC926FBFA2C0052D00A /* RealmSwift */; };
		4DC78FF226F8DEB0003695CE /* AppDelegate.swift in Sources */ = {isa = PBXBuildFile; fileRef = 4DC78FF126F8DEB0003695CE /* AppDelegate.swift */; };
		4DC78FF426F8DEB0003695CE /* SceneDelegate.swift in Sources */ = {isa = PBXBuildFile; fileRef = 4DC78FF326F8DEB0003695CE /* SceneDelegate.swift */; };
		4DC78FF626F8DEB0003695CE /* TodoListViewController.swift in Sources */ = {isa = PBXBuildFile; fileRef = 4DC78FF526F8DEB0003695CE /* TodoListViewController.swift */; };
		4DC78FF926F8DEB0003695CE /* Main.storyboard in Resources */ = {isa = PBXBuildFile; fileRef = 4DC78FF726F8DEB0003695CE /* Main.storyboard */; };
		4DC78FFB26F8DEB9003695CE /* Assets.xcassets in Resources */ = {isa = PBXBuildFile; fileRef = 4DC78FFA26F8DEB9003695CE /* Assets.xcassets */; };
		4DC78FFE26F8DEB9003695CE /* LaunchScreen.storyboard in Resources */ = {isa = PBXBuildFile; fileRef = 4DC78FFC26F8DEB9003695CE /* LaunchScreen.storyboard */; };
		4DCC678D26FA914C0067668D /* CategoryViewController.swift in Sources */ = {isa = PBXBuildFile; fileRef = 4DCC678C26FA914C0067668D /* CategoryViewController.swift */; };
/* End PBXBuildFile section */

/* Begin PBXFileReference section */
		4DB33B2326FCD1B30087D53A /* SwipeTableViewController.swift */ = {isa = PBXFileReference; lastKnownFileType = sourcecode.swift; path = SwipeTableViewController.swift; sourceTree = "<group>"; };
		4DBF2BC126FBF8D30052D00A /* Item.swift */ = {isa = PBXFileReference; lastKnownFileType = sourcecode.swift; path = Item.swift; sourceTree = "<group>"; };
		4DBF2BC326FBF8EE0052D00A /* Category.swift */ = {isa = PBXFileReference; lastKnownFileType = sourcecode.swift; path = Category.swift; sourceTree = "<group>"; };
		4DC78FEE26F8DEB0003695CE /* Todoey-iOS13.app */ = {isa = PBXFileReference; explicitFileType = wrapper.application; includeInIndex = 0; path = "Todoey-iOS13.app"; sourceTree = BUILT_PRODUCTS_DIR; };
		4DC78FF126F8DEB0003695CE /* AppDelegate.swift */ = {isa = PBXFileReference; lastKnownFileType = sourcecode.swift; path = AppDelegate.swift; sourceTree = "<group>"; };
		4DC78FF326F8DEB0003695CE /* SceneDelegate.swift */ = {isa = PBXFileReference; lastKnownFileType = sourcecode.swift; path = SceneDelegate.swift; sourceTree = "<group>"; };
		4DC78FF526F8DEB0003695CE /* TodoListViewController.swift */ = {isa = PBXFileReference; lastKnownFileType = sourcecode.swift; path = TodoListViewController.swift; sourceTree = "<group>"; };
		4DC78FF826F8DEB0003695CE /* Base */ = {isa = PBXFileReference; lastKnownFileType = file.storyboard; name = Base; path = Base.lproj/Main.storyboard; sourceTree = "<group>"; };
		4DC78FFA26F8DEB9003695CE /* Assets.xcassets */ = {isa = PBXFileReference; lastKnownFileType = folder.assetcatalog; path = Assets.xcassets; sourceTree = "<group>"; };
		4DC78FFD26F8DEB9003695CE /* Base */ = {isa = PBXFileReference; lastKnownFileType = file.storyboard; name = Base; path = Base.lproj/LaunchScreen.storyboard; sourceTree = "<group>"; };
		4DC78FFF26F8DEBA003695CE /* Info.plist */ = {isa = PBXFileReference; lastKnownFileType = text.plist.xml; path = Info.plist; sourceTree = "<group>"; };
		4DCC678C26FA914C0067668D /* CategoryViewController.swift */ = {isa = PBXFileReference; lastKnownFileType = sourcecode.swift; name = CategoryViewController.swift; path = "Todoey-iOS13/Views/CategoryViewController.swift"; sourceTree = SOURCE_ROOT; };
		5C3E77F1535A3BEC07389E6F /* Pods-Todoey-iOS13.debug.xcconfig */ = {isa = PBXFileReference; includeInIndex = 1; lastKnownFileType = text.xcconfig; name = "Pods-Todoey-iOS13.debug.xcconfig"; path = "Target Support Files/Pods-Todoey-iOS13/Pods-Todoey-iOS13.debug.xcconfig"; sourceTree = "<group>"; };
		989F3767BBADDECC38006F2E /* Pods_Todoey_iOS13.framework */ = {isa = PBXFileReference; explicitFileType = wrapper.framework; includeInIndex = 0; path = Pods_Todoey_iOS13.framework; sourceTree = BUILT_PRODUCTS_DIR; };
		C9F68306A86D42FE6169AFC1 /* Pods-Todoey-iOS13.release.xcconfig */ = {isa = PBXFileReference; includeInIndex = 1; lastKnownFileType = text.xcconfig; name = "Pods-Todoey-iOS13.release.xcconfig"; path = "Target Support Files/Pods-Todoey-iOS13/Pods-Todoey-iOS13.release.xcconfig"; sourceTree = "<group>"; };
/* End PBXFileReference section */

/* Begin PBXFrameworksBuildPhase section */
		4DC78FEB26F8DEB0003695CE /* Frameworks */ = {
			isa = PBXFrameworksBuildPhase;
			buildActionMask = 2147483647;
			files = (
				4DBF2BCA26FBFA2C0052D00A /* RealmSwift in Frameworks */,
				4DBF2BC826FBFA2C0052D00A /* Realm in Frameworks */,
				4B60C07525CBF503207CB56A /* Pods_Todoey_iOS13.framework in Frameworks */,
			);
			runOnlyForDeploymentPostprocessing = 0;
		};
/* End PBXFrameworksBuildPhase section */

/* Begin PBXGroup section */
		159747A01EE01B4F1465203D /* Frameworks */ = {
			isa = PBXGroup;
			children = (
				989F3767BBADDECC38006F2E /* Pods_Todoey_iOS13.framework */,
			);
			name = Frameworks;
			sourceTree = "<group>";
		};
		4D79881826FA23B5002E3D79 /* Data Model */ = {
			isa = PBXGroup;
			children = (
				4DBF2BC126FBF8D30052D00A /* Item.swift */,
				4DBF2BC326FBF8EE0052D00A /* Category.swift */,
			);
			path = "Data Model";
			sourceTree = "<group>";
		};
		4D79881B26FA256C002E3D79 /* Controller */ = {
			isa = PBXGroup;
			children = (
				4DCC678C26FA914C0067668D /* CategoryViewController.swift */,
				4DC78FF526F8DEB0003695CE /* TodoListViewController.swift */,
				4DB33B2326FCD1B30087D53A /* SwipeTableViewController.swift */,
			);
			path = Controller;
			sourceTree = "<group>";
		};
		4D79881C26FA2577002E3D79 /* Views */ = {
			isa = PBXGroup;
			children = (
				4DC78FF726F8DEB0003695CE /* Main.storyboard */,
			);
			path = Views;
			sourceTree = "<group>";
		};
		4D79881D26FA2596002E3D79 /* Supporting Files */ = {
			isa = PBXGroup;
			children = (
				4DC78FFA26F8DEB9003695CE /* Assets.xcassets */,
				4DC78FFC26F8DEB9003695CE /* LaunchScreen.storyboard */,
			);
			path = "Supporting Files";
			sourceTree = "<group>";
		};
		4DC78FE526F8DEB0003695CE = {
			isa = PBXGroup;
			children = (
				4DC78FF026F8DEB0003695CE /* Todoey-iOS13 */,
				4DC78FEF26F8DEB0003695CE /* Products */,
				96F82A8970B2EE7A1DB07355 /* Pods */,
				159747A01EE01B4F1465203D /* Frameworks */,
			);
			sourceTree = "<group>";
		};
		4DC78FEF26F8DEB0003695CE /* Products */ = {
			isa = PBXGroup;
			children = (
				4DC78FEE26F8DEB0003695CE /* Todoey-iOS13.app */,
			);
			name = Products;
			sourceTree = "<group>";
		};
		4DC78FF026F8DEB0003695CE /* Todoey-iOS13 */ = {
			isa = PBXGroup;
			children = (
				4DC78FF126F8DEB0003695CE /* AppDelegate.swift */,
				4DC78FF326F8DEB0003695CE /* SceneDelegate.swift */,
				4D79881D26FA2596002E3D79 /* Supporting Files */,
				4D79881C26FA2577002E3D79 /* Views */,
				4D79881B26FA256C002E3D79 /* Controller */,
				4D79881826FA23B5002E3D79 /* Data Model */,
				4DC78FFF26F8DEBA003695CE /* Info.plist */,
			);
			path = "Todoey-iOS13";
			sourceTree = "<group>";
		};
		96F82A8970B2EE7A1DB07355 /* Pods */ = {
			isa = PBXGroup;
			children = (
				5C3E77F1535A3BEC07389E6F /* Pods-Todoey-iOS13.debug.xcconfig */,
				C9F68306A86D42FE6169AFC1 /* Pods-Todoey-iOS13.release.xcconfig */,
			);
			path = Pods;
			sourceTree = "<group>";
		};
/* End PBXGroup section */

/* Begin PBXNativeTarget section */
		4DC78FED26F8DEB0003695CE /* Todoey-iOS13 */ = {
			isa = PBXNativeTarget;
			buildConfigurationList = 4DC7900226F8DEBA003695CE /* Build configuration list for PBXNativeTarget "Todoey-iOS13" */;
			buildPhases = (
				9F02DCF32B1A49E47876DE32 /* [CP] Check Pods Manifest.lock */,
				4DC78FEA26F8DEB0003695CE /* Sources */,
				4DC78FEB26F8DEB0003695CE /* Frameworks */,
				4DC78FEC26F8DEB0003695CE /* Resources */,
				8CF719724F4026663713F6A2 /* [CP] Embed Pods Frameworks */,
			);
			buildRules = (
			);
			dependencies = (
			);
			name = "Todoey-iOS13";
			packageProductDependencies = (
				4DBF2BC726FBFA2C0052D00A /* Realm */,
				4DBF2BC926FBFA2C0052D00A /* RealmSwift */,
			);
			productName = "Todoey-iOS13";
			productReference = 4DC78FEE26F8DEB0003695CE /* Todoey-iOS13.app */;
			productType = "com.apple.product-type.application";
		};
/* End PBXNativeTarget section */

/* Begin PBXProject section */
		4DC78FE626F8DEB0003695CE /* Project object */ = {
			isa = PBXProject;
			attributes = {
				LastSwiftUpdateCheck = 1250;
				LastUpgradeCheck = 1250;
				TargetAttributes = {
					4DC78FED26F8DEB0003695CE = {
						CreatedOnToolsVersion = 12.5.1;
					};
				};
			};
			buildConfigurationList = 4DC78FE926F8DEB0003695CE /* Build configuration list for PBXProject "Todoey-iOS13" */;
			compatibilityVersion = "Xcode 9.3";
			developmentRegion = en;
			hasScannedForEncodings = 0;
			knownRegions = (
				en,
				Base,
			);
			mainGroup = 4DC78FE526F8DEB0003695CE;
			packageReferences = (
				4DBF2BC626FBFA2C0052D00A /* XCRemoteSwiftPackageReference "realm-cocoa" */,
			);
			productRefGroup = 4DC78FEF26F8DEB0003695CE /* Products */;
			projectDirPath = "";
			projectRoot = "";
			targets = (
				4DC78FED26F8DEB0003695CE /* Todoey-iOS13 */,
			);
		};
/* End PBXProject section */

/* Begin PBXResourcesBuildPhase section */
		4DC78FEC26F8DEB0003695CE /* Resources */ = {
			isa = PBXResourcesBuildPhase;
			buildActionMask = 2147483647;
			files = (
				4DC78FFE26F8DEB9003695CE /* LaunchScreen.storyboard in Resources */,
				4DC78FFB26F8DEB9003695CE /* Assets.xcassets in Resources */,
				4DC78FF926F8DEB0003695CE /* Main.storyboard in Resources */,
			);
			runOnlyForDeploymentPostprocessing = 0;
		};
/* End PBXResourcesBuildPhase section */

/* Begin PBXShellScriptBuildPhase section */
		8CF719724F4026663713F6A2 /* [CP] Embed Pods Frameworks */ = {
			isa = PBXShellScriptBuildPhase;
			buildActionMask = 2147483647;
			files = (
			);
			inputFileListPaths = (
				"${PODS_ROOT}/Target Support Files/Pods-Todoey-iOS13/Pods-Todoey-iOS13-frameworks-${CONFIGURATION}-input-files.xcfilelist",
			);
			name = "[CP] Embed Pods Frameworks";
			outputFileListPaths = (
				"${PODS_ROOT}/Target Support Files/Pods-Todoey-iOS13/Pods-Todoey-iOS13-frameworks-${CONFIGURATION}-output-files.xcfilelist",
			);
			runOnlyForDeploymentPostprocessing = 0;
			shellPath = /bin/sh;
			shellScript = "\"${PODS_ROOT}/Target Support Files/Pods-Todoey-iOS13/Pods-Todoey-iOS13-frameworks.sh\"\n";
			showEnvVarsInLog = 0;
		};
		9F02DCF32B1A49E47876DE32 /* [CP] Check Pods Manifest.lock */ = {
			isa = PBXShellScriptBuildPhase;
			buildActionMask = 2147483647;
			files = (
			);
			inputFileListPaths = (
			);
			inputPaths = (
				"${PODS_PODFILE_DIR_PATH}/Podfile.lock",
				"${PODS_ROOT}/Manifest.lock",
			);
			name = "[CP] Check Pods Manifest.lock";
			outputFileListPaths = (
			);
			outputPaths = (
				"$(DERIVED_FILE_DIR)/Pods-Todoey-iOS13-checkManifestLockResult.txt",
			);
			runOnlyForDeploymentPostprocessing = 0;
			shellPath = /bin/sh;
			shellScript = "diff \"${PODS_PODFILE_DIR_PATH}/Podfile.lock\" \"${PODS_ROOT}/Manifest.lock\" > /dev/null\nif [ $? != 0 ] ; then\n    # print error to STDERR\n    echo \"error: The sandbox is not in sync with the Podfile.lock. Run 'pod install' or update your CocoaPods installation.\" >&2\n    exit 1\nfi\n# This output is used by Xcode 'outputs' to avoid re-running this script phase.\necho \"SUCCESS\" > \"${SCRIPT_OUTPUT_FILE_0}\"\n";
			showEnvVarsInLog = 0;
		};
/* End PBXShellScriptBuildPhase section */

/* Begin PBXSourcesBuildPhase section */
		4DC78FEA26F8DEB0003695CE /* Sources */ = {
			isa = PBXSourcesBuildPhase;
			buildActionMask = 2147483647;
			files = (
				4DCC678D26FA914C0067668D /* CategoryViewController.swift in Sources */,
				4DC78FF626F8DEB0003695CE /* TodoListViewController.swift in Sources */,
				4DC78FF226F8DEB0003695CE /* AppDelegate.swift in Sources */,
				4DBF2BC226FBF8D30052D00A /* Item.swift in Sources */,
				4DC78FF426F8DEB0003695CE /* SceneDelegate.swift in Sources */,
				4DB33B2426FCD1B30087D53A /* SwipeTableViewController.swift in Sources */,
				4DBF2BC426FBF8EE0052D00A /* Category.swift in Sources */,
			);
			runOnlyForDeploymentPostprocessing = 0;
		};
/* End PBXSourcesBuildPhase section */

/* Begin PBXVariantGroup section */
		4DC78FF726F8DEB0003695CE /* Main.storyboard */ = {
			isa = PBXVariantGroup;
			children = (
				4DC78FF826F8DEB0003695CE /* Base */,
			);
			name = Main.storyboard;
			sourceTree = "<group>";
		};
		4DC78FFC26F8DEB9003695CE /* LaunchScreen.storyboard */ = {
			isa = PBXVariantGroup;
			children = (
				4DC78FFD26F8DEB9003695CE /* Base */,
			);
			name = LaunchScreen.storyboard;
			sourceTree = "<group>";
		};
/* End PBXVariantGroup section */

/* Begin XCBuildConfiguration section */
		4DC7900026F8DEBA003695CE /* Debug */ = {
			isa = XCBuildConfiguration;
			buildSettings = {
				ALWAYS_SEARCH_USER_PATHS = NO;
				CLANG_ANALYZER_NONNULL = YES;
				CLANG_ANALYZER_NUMBER_OBJECT_CONVERSION = YES_AGGRESSIVE;
				CLANG_CXX_LANGUAGE_STANDARD = "gnu++14";
				CLANG_CXX_LIBRARY = "libc++";
				CLANG_ENABLE_MODULES = YES;
				CLANG_ENABLE_OBJC_ARC = YES;
				CLANG_ENABLE_OBJC_WEAK = YES;
				CLANG_WARN_BLOCK_CAPTURE_AUTORELEASING = YES;
				CLANG_WARN_BOOL_CONVERSION = YES;
				CLANG_WARN_COMMA = YES;
				CLANG_WARN_CONSTANT_CONVERSION = YES;
				CLANG_WARN_DEPRECATED_OBJC_IMPLEMENTATIONS = YES;
				CLANG_WARN_DIRECT_OBJC_ISA_USAGE = YES_ERROR;
				CLANG_WARN_DOCUMENTATION_COMMENTS = YES;
				CLANG_WARN_EMPTY_BODY = YES;
				CLANG_WARN_ENUM_CONVERSION = YES;
				CLANG_WARN_INFINITE_RECURSION = YES;
				CLANG_WARN_INT_CONVERSION = YES;
				CLANG_WARN_NON_LITERAL_NULL_CONVERSION = YES;
				CLANG_WARN_OBJC_IMPLICIT_RETAIN_SELF = YES;
				CLANG_WARN_OBJC_LITERAL_CONVERSION = YES;
				CLANG_WARN_OBJC_ROOT_CLASS = YES_ERROR;
				CLANG_WARN_QUOTED_INCLUDE_IN_FRAMEWORK_HEADER = YES;
				CLANG_WARN_RANGE_LOOP_ANALYSIS = YES;
				CLANG_WARN_STRICT_PROTOTYPES = YES;
				CLANG_WARN_SUSPICIOUS_MOVE = YES;
				CLANG_WARN_UNGUARDED_AVAILABILITY = YES_AGGRESSIVE;
				CLANG_WARN_UNREACHABLE_CODE = YES;
				CLANG_WARN__DUPLICATE_METHOD_MATCH = YES;
				COPY_PHASE_STRIP = NO;
				DEBUG_INFORMATION_FORMAT = dwarf;
				ENABLE_STRICT_OBJC_MSGSEND = YES;
				ENABLE_TESTABILITY = YES;
				GCC_C_LANGUAGE_STANDARD = gnu11;
				GCC_DYNAMIC_NO_PIC = NO;
				GCC_NO_COMMON_BLOCKS = YES;
				GCC_OPTIMIZATION_LEVEL = 0;
				GCC_PREPROCESSOR_DEFINITIONS = (
					"DEBUG=1",
					"$(inherited)",
				);
				GCC_WARN_64_TO_32_BIT_CONVERSION = YES;
				GCC_WARN_ABOUT_RETURN_TYPE = YES_ERROR;
				GCC_WARN_UNDECLARED_SELECTOR = YES;
				GCC_WARN_UNINITIALIZED_AUTOS = YES_AGGRESSIVE;
				GCC_WARN_UNUSED_FUNCTION = YES;
				GCC_WARN_UNUSED_VARIABLE = YES;
				IPHONEOS_DEPLOYMENT_TARGET = 14.5;
				MTL_ENABLE_DEBUG_INFO = INCLUDE_SOURCE;
				MTL_FAST_MATH = YES;
				ONLY_ACTIVE_ARCH = YES;
				SDKROOT = iphoneos;
				SWIFT_ACTIVE_COMPILATION_CONDITIONS = DEBUG;
				SWIFT_OPTIMIZATION_LEVEL = "-Onone";
			};
			name = Debug;
		};
		4DC7900126F8DEBA003695CE /* Release */ = {
			isa = XCBuildConfiguration;
			buildSettings = {
				ALWAYS_SEARCH_USER_PATHS = NO;
				CLANG_ANALYZER_NONNULL = YES;
				CLANG_ANALYZER_NUMBER_OBJECT_CONVERSION = YES_AGGRESSIVE;
				CLANG_CXX_LANGUAGE_STANDARD = "gnu++14";
				CLANG_CXX_LIBRARY = "libc++";
				CLANG_ENABLE_MODULES = YES;
				CLANG_ENABLE_OBJC_ARC = YES;
				CLANG_ENABLE_OBJC_WEAK = YES;
				CLANG_WARN_BLOCK_CAPTURE_AUTORELEASING = YES;
				CLANG_WARN_BOOL_CONVERSION = YES;
				CLANG_WARN_COMMA = YES;
				CLANG_WARN_CONSTANT_CONVERSION = YES;
				CLANG_WARN_DEPRECATED_OBJC_IMPLEMENTATIONS = YES;
				CLANG_WARN_DIRECT_OBJC_ISA_USAGE = YES_ERROR;
				CLANG_WARN_DOCUMENTATION_COMMENTS = YES;
				CLANG_WARN_EMPTY_BODY = YES;
				CLANG_WARN_ENUM_CONVERSION = YES;
				CLANG_WARN_INFINITE_RECURSION = YES;
				CLANG_WARN_INT_CONVERSION = YES;
				CLANG_WARN_NON_LITERAL_NULL_CONVERSION = YES;
				CLANG_WARN_OBJC_IMPLICIT_RETAIN_SELF = YES;
				CLANG_WARN_OBJC_LITERAL_CONVERSION = YES;
				CLANG_WARN_OBJC_ROOT_CLASS = YES_ERROR;
				CLANG_WARN_QUOTED_INCLUDE_IN_FRAMEWORK_HEADER = YES;
				CLANG_WARN_RANGE_LOOP_ANALYSIS = YES;
				CLANG_WARN_STRICT_PROTOTYPES = YES;
				CLANG_WARN_SUSPICIOUS_MOVE = YES;
				CLANG_WARN_UNGUARDED_AVAILABILITY = YES_AGGRESSIVE;
				CLANG_WARN_UNREACHABLE_CODE = YES;
				CLANG_WARN__DUPLICATE_METHOD_MATCH = YES;
				COPY_PHASE_STRIP = NO;
				DEBUG_INFORMATION_FORMAT = "dwarf-with-dsym";
				ENABLE_NS_ASSERTIONS = NO;
				ENABLE_STRICT_OBJC_MSGSEND = YES;
				GCC_C_LANGUAGE_STANDARD = gnu11;
				GCC_NO_COMMON_BLOCKS = YES;
				GCC_WARN_64_TO_32_BIT_CONVERSION = YES;
				GCC_WARN_ABOUT_RETURN_TYPE = YES_ERROR;
				GCC_WARN_UNDECLARED_SELECTOR = YES;
				GCC_WARN_UNINITIALIZED_AUTOS = YES_AGGRESSIVE;
				GCC_WARN_UNUSED_FUNCTION = YES;
				GCC_WARN_UNUSED_VARIABLE = YES;
				IPHONEOS_DEPLOYMENT_TARGET = 14.5;
				MTL_ENABLE_DEBUG_INFO = NO;
				MTL_FAST_MATH = YES;
				SDKROOT = iphoneos;
				SWIFT_COMPILATION_MODE = wholemodule;
				SWIFT_OPTIMIZATION_LEVEL = "-O";
				VALIDATE_PRODUCT = YES;
			};
			name = Release;
		};
		4DC7900326F8DEBA003695CE /* Debug */ = {
			isa = XCBuildConfiguration;
			baseConfigurationReference = 5C3E77F1535A3BEC07389E6F /* Pods-Todoey-iOS13.debug.xcconfig */;
			buildSettings = {
				ASSETCATALOG_COMPILER_APPICON_NAME = AppIcon;
				ASSETCATALOG_COMPILER_GLOBAL_ACCENT_COLOR_NAME = AccentColor;
				CODE_SIGN_STYLE = Automatic;
				DEVELOPMENT_TEAM = 6HS32GP5PD;
				INFOPLIST_FILE = "Todoey-iOS13/Info.plist";
				LD_RUNPATH_SEARCH_PATHS = (
					"$(inherited)",
					"@executable_path/Frameworks",
				);
				PRODUCT_BUNDLE_IDENTIFIER = "com.thomasviana.Todoey-iOS13";
				PRODUCT_NAME = "$(TARGET_NAME)";
				SWIFT_VERSION = 5.0;
				TARGETED_DEVICE_FAMILY = "1,2";
			};
			name = Debug;
		};
		4DC7900426F8DEBA003695CE /* Release */ = {
			isa = XCBuildConfiguration;
			baseConfigurationReference = C9F68306A86D42FE6169AFC1 /* Pods-Todoey-iOS13.release.xcconfig */;
			buildSettings = {
				ASSETCATALOG_COMPILER_APPICON_NAME = AppIcon;
				ASSETCATALOG_COMPILER_GLOBAL_ACCENT_COLOR_NAME = AccentColor;
				CODE_SIGN_STYLE = Automatic;
				DEVELOPMENT_TEAM = 6HS32GP5PD;
				INFOPLIST_FILE = "Todoey-iOS13/Info.plist";
				LD_RUNPATH_SEARCH_PATHS = (
					"$(inherited)",
					"@executable_path/Frameworks",
				);
				PRODUCT_BUNDLE_IDENTIFIER = "com.thomasviana.Todoey-iOS13";
				PRODUCT_NAME = "$(TARGET_NAME)";
				SWIFT_VERSION = 5.0;
				TARGETED_DEVICE_FAMILY = "1,2";
			};
			name = Release;
		};
/* End XCBuildConfiguration section */

/* Begin XCConfigurationList section */
		4DC78FE926F8DEB0003695CE /* Build configuration list for PBXProject "Todoey-iOS13" */ = {
			isa = XCConfigurationList;
			buildConfigurations = (
				4DC7900026F8DEBA003695CE /* Debug */,
				4DC7900126F8DEBA003695CE /* Release */,
			);
			defaultConfigurationIsVisible = 0;
			defaultConfigurationName = Release;
		};
		4DC7900226F8DEBA003695CE /* Build configuration list for PBXNativeTarget "Todoey-iOS13" */ = {
			isa = XCConfigurationList;
			buildConfigurations = (
				4DC7900326F8DEBA003695CE /* Debug */,
				4DC7900426F8DEBA003695CE /* Release */,
			);
			defaultConfigurationIsVisible = 0;
			defaultConfigurationName = Release;
		};
/* End XCConfigurationList section */

/* Begin XCRemoteSwiftPackageReference section */
		4DBF2BC626FBFA2C0052D00A /* XCRemoteSwiftPackageReference "realm-cocoa" */ = {
			isa = XCRemoteSwiftPackageReference;
			repositoryURL = "https://github.com/realm/realm-cocoa.git";
			requirement = {
				kind = upToNextMajorVersion;
				minimumVersion = 10.15.1;
			};
		};
/* End XCRemoteSwiftPackageReference section */

/* Begin XCSwiftPackageProductDependency section */
		4DBF2BC726FBFA2C0052D00A /* Realm */ = {
			isa = XCSwiftPackageProductDependency;
			package = 4DBF2BC626FBFA2C0052D00A /* XCRemoteSwiftPackageReference "realm-cocoa" */;
			productName = Realm;
		};
		4DBF2BC926FBFA2C0052D00A /* RealmSwift */ = {
			isa = XCSwiftPackageProductDependency;
			package = 4DBF2BC626FBFA2C0052D00A /* XCRemoteSwiftPackageReference "realm-cocoa" */;
			productName = RealmSwift;
		};
/* End XCSwiftPackageProductDependency section */
	};
	rootObject = 4DC78FE626F8DEB0003695CE /* Project object */;
}
